
Microsoft Visual Studio Solution File, Format Version 10.00
# Visual Studio 2008
Project("{8BC9CEB8-8B4A-11D0-8D11-00A0C91BC942}") = "meetphone", "meetphone\meetphone.vcproj", "{764AC349-9D49-4CAA-BB72-7AF871B41884}"
	ProjectSection(ProjectDependencies) = postProject
		{B84F7231-16CE-41D8-8C08-7B523FF4225B} = {B84F7231-16CE-41D8-8C08-7B523FF4225B}
		{A7B3584B-20D6-4CFD-9B15-BD1DA40B8D16} = {A7B3584B-20D6-4CFD-9B15-BD1DA40B8D16}
	EndProjectSection
EndProject
Project("{8BC9CEB8-8B4A-11D0-8D11-00A0C91BC942}") = "oRTP", "oRTP\build\win32native\oRTP.vcproj", "{4A07BB2B-F56E-4F1B-A719-D28B782AC128}"
EndProject
Project("{8BC9CEB8-8B4A-11D0-8D11-00A0C91BC942}") = "mediastreamer2", "mediastreamer2\build\win32native\mediastreamer2.vcproj", "{4A07BB2B-F56E-4F1B-A729-D28B782AC128}"
	ProjectSection(ProjectDependencies) = postProject
		{85255507-5D16-4218-85E2-F683BB2F04DA} = {85255507-5D16-4218-85E2-F683BB2F04DA}
		{4A07BB2B-F56E-4F1B-A719-D28B782AC128} = {4A07BB2B-F56E-4F1B-A719-D28B782AC128}
		{4EA67539-9EE9-4065-BD39-87E517FD8262} = {4EA67539-9EE9-4065-BD39-87E517FD8262}
	EndProjectSection
EndProject
Project("{8BC9CEB8-8B4A-11D0-8D11-00A0C91BC942}") = "msx264", "msx264\build\vs\msx264.vcproj", "{8A4A1340-5B83-4698-8F2A-B8DCCA0C3285}"
	ProjectSection(ProjectDependencies) = postProject
		{4A07BB2B-F56E-4F1B-A729-D28B782AC128} = {4A07BB2B-F56E-4F1B-A729-D28B782AC128}
	EndProjectSection
EndProject
Project("{8BC9CEB8-8B4A-11D0-8D11-00A0C91BC942}") = "osip2", "osip\platform\vsnet\osip2.vcproj", "{85255507-5D16-4218-85E2-F683BB2F04DA}"
	ProjectSection(ProjectDependencies) = postProject
		{44F46B7E-0E51-4304-9735-330DFBAB41E5} = {44F46B7E-0E51-4304-9735-330DFBAB41E5}
	EndProjectSection
EndProject
Project("{8BC9CEB8-8B4A-11D0-8D11-00A0C91BC942}") = "osipparser2", "osip\platform\vsnet\osipparser2.vcproj", "{44F46B7E-0E51-4304-9735-330DFBAB41E5}"
EndProject
Project("{8BC9CEB8-8B4A-11D0-8D11-00A0C91BC942}") = "eXosip", "eXosip\platform\vsnet\eXosip.vcproj", "{4EA67539-9EE9-4065-BD39-87E517FD8262}"
EndProject
Project("{8BC9CEB8-8B4A-11D0-8D11-00A0C91BC942}") = "lib_json", "jsoncpp\makefiles\vs71\lib_json.vcproj", "{B84F7231-16CE-41D8-8C08-7B523FF4225B}"
EndProject
Project("{8BC9CEB8-8B4A-11D0-8D11-00A0C91BC942}") = "coreapi", "coreapi\coreapi\coreapi.vcproj", "{A7B3584B-20D6-4CFD-9B15-BD1DA40B8D16}"
	ProjectSection(ProjectDependencies) = postProject
		{4A07BB2B-F56E-4F1B-A729-D28B782AC128} = {4A07BB2B-F56E-4F1B-A729-D28B782AC128}
		{8A4A1340-5B83-4698-8F2A-B8DCCA0C3285} = {8A4A1340-5B83-4698-8F2A-B8DCCA0C3285}
	EndProjectSection
EndProject
Global
	GlobalSection(SolutionConfigurationPlatforms) = preSolution
		Debug DLL|Win32 = Debug DLL|Win32
		Debug|Win32 = Debug|Win32
		dummy|Win32 = dummy|Win32
		Release DLL|Win32 = Release DLL|Win32
		Release|Win32 = Release|Win32
	EndGlobalSection
	GlobalSection(ProjectConfigurationPlatforms) = postSolution
		{764AC349-9D49-4CAA-BB72-7AF871B41884}.Debug DLL|Win32.ActiveCfg = Debug|Win32
		{764AC349-9D49-4CAA-BB72-7AF871B41884}.Debug DLL|Win32.Build.0 = Debug|Win32
		{764AC349-9D49-4CAA-BB72-7AF871B41884}.Debug|Win32.ActiveCfg = Debug|Win32
		{764AC349-9D49-4CAA-BB72-7AF871B41884}.Debug|Win32.Build.0 = Debug|Win32
		{764AC349-9D49-4CAA-BB72-7AF871B41884}.dummy|Win32.ActiveCfg = Debug|Win32
		{764AC349-9D49-4CAA-BB72-7AF871B41884}.dummy|Win32.Build.0 = Debug|Win32
		{764AC349-9D49-4CAA-BB72-7AF871B41884}.Release DLL|Win32.ActiveCfg = Release|Win32
		{764AC349-9D49-4CAA-BB72-7AF871B41884}.Release DLL|Win32.Build.0 = Release|Win32
		{764AC349-9D49-4CAA-BB72-7AF871B41884}.Release|Win32.ActiveCfg = Release|Win32
		{764AC349-9D49-4CAA-BB72-7AF871B41884}.Release|Win32.Build.0 = Release|Win32
		{4A07BB2B-F56E-4F1B-A719-D28B782AC128}.Debug DLL|Win32.ActiveCfg = Debug|Win32
		{4A07BB2B-F56E-4F1B-A719-D28B782AC128}.Debug DLL|Win32.Build.0 = Debug|Win32
		{4A07BB2B-F56E-4F1B-A719-D28B782AC128}.Debug|Win32.ActiveCfg = Debug|Win32
		{4A07BB2B-F56E-4F1B-A719-D28B782AC128}.Debug|Win32.Build.0 = Debug|Win32
		{4A07BB2B-F56E-4F1B-A719-D28B782AC128}.dummy|Win32.ActiveCfg = Debug|Win32
		{4A07BB2B-F56E-4F1B-A719-D28B782AC128}.dummy|Win32.Build.0 = Debug|Win32
		{4A07BB2B-F56E-4F1B-A719-D28B782AC128}.Release DLL|Win32.ActiveCfg = Release|Win32
		{4A07BB2B-F56E-4F1B-A719-D28B782AC128}.Release DLL|Win32.Build.0 = Release|Win32
		{4A07BB2B-F56E-4F1B-A719-D28B782AC128}.Release|Win32.ActiveCfg = Release|Win32
		{4A07BB2B-F56E-4F1B-A719-D28B782AC128}.Release|Win32.Build.0 = Release|Win32
		{4A07BB2B-F56E-4F1B-A729-D28B782AC128}.Debug DLL|Win32.ActiveCfg = Debug|Win32
		{4A07BB2B-F56E-4F1B-A729-D28B782AC128}.Debug DLL|Win32.Build.0 = Debug|Win32
		{4A07BB2B-F56E-4F1B-A729-D28B782AC128}.Debug|Win32.ActiveCfg = Debug|Win32
		{4A07BB2B-F56E-4F1B-A729-D28B782AC128}.Debug|Win32.Build.0 = Debug|Win32
		{4A07BB2B-F56E-4F1B-A729-D28B782AC128}.dummy|Win32.ActiveCfg = Debug|Win32
		{4A07BB2B-F56E-4F1B-A729-D28B782AC128}.dummy|Win32.Build.0 = Debug|Win32
		{4A07BB2B-F56E-4F1B-A729-D28B782AC128}.Release DLL|Win32.ActiveCfg = Release|Win32
		{4A07BB2B-F56E-4F1B-A729-D28B782AC128}.Release DLL|Win32.Build.0 = Release|Win32
		{4A07BB2B-F56E-4F1B-A729-D28B782AC128}.Release|Win32.ActiveCfg = Release|Win32
		{4A07BB2B-F56E-4F1B-A729-D28B782AC128}.Release|Win32.Build.0 = Release|Win32
		{8A4A1340-5B83-4698-8F2A-B8DCCA0C3285}.Debug DLL|Win32.ActiveCfg = Debug|Win32
		{8A4A1340-5B83-4698-8F2A-B8DCCA0C3285}.Debug DLL|Win32.Build.0 = Debug|Win32
		{8A4A1340-5B83-4698-8F2A-B8DCCA0C3285}.Debug|Win32.ActiveCfg = Debug|Win32
		{8A4A1340-5B83-4698-8F2A-B8DCCA0C3285}.Debug|Win32.Build.0 = Debug|Win32
		{8A4A1340-5B83-4698-8F2A-B8DCCA0C3285}.dummy|Win32.ActiveCfg = Debug|Win32
		{8A4A1340-5B83-4698-8F2A-B8DCCA0C3285}.dummy|Win32.Build.0 = Debug|Win32
		{8A4A1340-5B83-4698-8F2A-B8DCCA0C3285}.Release DLL|Win32.ActiveCfg = Release|Win32
		{8A4A1340-5B83-4698-8F2A-B8DCCA0C3285}.Release DLL|Win32.Build.0 = Release|Win32
		{8A4A1340-5B83-4698-8F2A-B8DCCA0C3285}.Release|Win32.ActiveCfg = Release|Win32
		{8A4A1340-5B83-4698-8F2A-B8DCCA0C3285}.Release|Win32.Build.0 = Release|Win32
		{85255507-5D16-4218-85E2-F683BB2F04DA}.Debug DLL|Win32.ActiveCfg = Debug DLL|Win32
		{85255507-5D16-4218-85E2-F683BB2F04DA}.Debug DLL|Win32.Build.0 = Debug DLL|Win32
		{85255507-5D16-4218-85E2-F683BB2F04DA}.Debug|Win32.ActiveCfg = Debug|Win32
		{85255507-5D16-4218-85E2-F683BB2F04DA}.Debug|Win32.Build.0 = Debug|Win32
		{85255507-5D16-4218-85E2-F683BB2F04DA}.dummy|Win32.ActiveCfg = Debug DLL|Win32
		{85255507-5D16-4218-85E2-F683BB2F04DA}.dummy|Win32.Build.0 = Debug DLL|Win32
		{85255507-5D16-4218-85E2-F683BB2F04DA}.Release DLL|Win32.ActiveCfg = Release DLL|Win32
		{85255507-5D16-4218-85E2-F683BB2F04DA}.Release DLL|Win32.Build.0 = Release DLL|Win32
		{85255507-5D16-4218-85E2-F683BB2F04DA}.Release|Win32.ActiveCfg = Release|Win32
		{85255507-5D16-4218-85E2-F683BB2F04DA}.Release|Win32.Build.0 = Release|Win32
		{44F46B7E-0E51-4304-9735-330DFBAB41E5}.Debug DLL|Win32.ActiveCfg = Debug DLL|Win32
		{44F46B7E-0E51-4304-9735-330DFBAB41E5}.Debug DLL|Win32.Build.0 = Debug DLL|Win32
		{44F46B7E-0E51-4304-9735-330DFBAB41E5}.Debug|Win32.ActiveCfg = Debug|Win32
		{44F46B7E-0E51-4304-9735-330DFBAB41E5}.Debug|Win32.Build.0 = Debug|Win32
		{44F46B7E-0E51-4304-9735-330DFBAB41E5}.dummy|Win32.ActiveCfg = Debug DLL|Win32
		{44F46B7E-0E51-4304-9735-330DFBAB41E5}.dummy|Win32.Build.0 = Debug DLL|Win32
		{44F46B7E-0E51-4304-9735-330DFBAB41E5}.Release DLL|Win32.ActiveCfg = Release DLL|Win32
		{44F46B7E-0E51-4304-9735-330DFBAB41E5}.Release DLL|Win32.Build.0 = Release DLL|Win32
		{44F46B7E-0E51-4304-9735-330DFBAB41E5}.Release|Win32.ActiveCfg = Release|Win32
		{44F46B7E-0E51-4304-9735-330DFBAB41E5}.Release|Win32.Build.0 = Release|Win32
		{4EA67539-9EE9-4065-BD39-87E517FD8262}.Debug DLL|Win32.ActiveCfg = Debug|Win32
		{4EA67539-9EE9-4065-BD39-87E517FD8262}.Debug DLL|Win32.Build.0 = Debug|Win32
		{4EA67539-9EE9-4065-BD39-87E517FD8262}.Debug|Win32.ActiveCfg = Debug|Win32
		{4EA67539-9EE9-4065-BD39-87E517FD8262}.Debug|Win32.Build.0 = Debug|Win32
		{4EA67539-9EE9-4065-BD39-87E517FD8262}.dummy|Win32.ActiveCfg = Debug|Win32
		{4EA67539-9EE9-4065-BD39-87E517FD8262}.dummy|Win32.Build.0 = Debug|Win32
		{4EA67539-9EE9-4065-BD39-87E517FD8262}.Release DLL|Win32.ActiveCfg = Release|Win32
		{4EA67539-9EE9-4065-BD39-87E517FD8262}.Release DLL|Win32.Build.0 = Release|Win32
		{4EA67539-9EE9-4065-BD39-87E517FD8262}.Release|Win32.ActiveCfg = Release|Win32
		{4EA67539-9EE9-4065-BD39-87E517FD8262}.Release|Win32.Build.0 = Release|Win32
		{B84F7231-16CE-41D8-8C08-7B523FF4225B}.Debug DLL|Win32.ActiveCfg = Debug|Win32
		{B84F7231-16CE-41D8-8C08-7B523FF4225B}.Debug DLL|Win32.Build.0 = Debug|Win32
		{B84F7231-16CE-41D8-8C08-7B523FF4225B}.Debug|Win32.ActiveCfg = Debug|Win32
		{B84F7231-16CE-41D8-8C08-7B523FF4225B}.Debug|Win32.Build.0 = Debug|Win32
		{B84F7231-16CE-41D8-8C08-7B523FF4225B}.dummy|Win32.ActiveCfg = dummy|Win32
		{B84F7231-16CE-41D8-8C08-7B523FF4225B}.dummy|Win32.Build.0 = dummy|Win32
		{B84F7231-16CE-41D8-8C08-7B523FF4225B}.Release DLL|Win32.ActiveCfg = Release|Win32
		{B84F7231-16CE-41D8-8C08-7B523FF4225B}.Release DLL|Win32.Build.0 = Release|Win32
		{B84F7231-16CE-41D8-8C08-7B523FF4225B}.Release|Win32.ActiveCfg = Release|Win32
		{B84F7231-16CE-41D8-8C08-7B523FF4225B}.Release|Win32.Build.0 = Release|Win32
		{A7B3584B-20D6-4CFD-9B15-BD1DA40B8D16}.Debug DLL|Win32.ActiveCfg = Debug|Win32
		{A7B3584B-20D6-4CFD-9B15-BD1DA40B8D16}.Debug DLL|Win32.Build.0 = Debug|Win32
		{A7B3584B-20D6-4CFD-9B15-BD1DA40B8D16}.Debug|Win32.ActiveCfg = Debug|Win32
		{A7B3584B-20D6-4CFD-9B15-BD1DA40B8D16}.Debug|Win32.Build.0 = Debug|Win32
		{A7B3584B-20D6-4CFD-9B15-BD1DA40B8D16}.dummy|Win32.ActiveCfg = Debug|Win32
		{A7B3584B-20D6-4CFD-9B15-BD1DA40B8D16}.dummy|Win32.Build.0 = Debug|Win32
		{A7B3584B-20D6-4CFD-9B15-BD1DA40B8D16}.Release DLL|Win32.ActiveCfg = Release|Win32
		{A7B3584B-20D6-4CFD-9B15-BD1DA40B8D16}.Release DLL|Win32.Build.0 = Release|Win32
		{A7B3584B-20D6-4CFD-9B15-BD1DA40B8D16}.Release|Win32.ActiveCfg = Release|Win32
		{A7B3584B-20D6-4CFD-9B15-BD1DA40B8D16}.Release|Win32.Build.0 = Release|Win32
	EndGlobalSection
	GlobalSection(SolutionProperties) = preSolution
		HideSolutionNode = FALSE
	EndGlobalSection
EndGlobal
